
Microsoft Visual Studio Solution File, Format Version 12.00
# Visual Studio Version 17
VisualStudioVersion = 17.1.32210.238
MinimumVisualStudioVersion = 10.0.40219.1
Project("{9A19103F-16F7-4668-BE54-9A1E7A4F7556}") = "TpsEbReader", "TpsEbReader\TpsEbReader.csproj", "{21778A41-FE21-455B-BEB5-F0AFB094EC85}"
EndProject
Project("{FAE04EC0-301F-11D3-BF4B-00C04F79EFBC}") = "TpsExplorer", "TpsExplorer\TpsExplorer.csproj", "{A1FA5043-A8DB-4B82-AA9B-1E8BBDAB5CC0}"
EndProject
Global
	GlobalSection(SolutionConfigurationPlatforms) = preSolution
		Debug|Any CPU = Debug|Any CPU
		Release|Any CPU = Release|Any CPU
	EndGlobalSection
	GlobalSection(ProjectConfigurationPlatforms) = postSolution
		{21778A41-FE21-455B-BEB5-F0AFB094EC85}.Debug|Any CPU.ActiveCfg = Debug|Any CPU
		{21778A41-FE21-455B-BEB5-F0AFB094EC85}.Debug|Any CPU.Build.0 = Debug|Any CPU
		{21778A41-FE21-455B-BEB5-F0AFB094EC85}.Release|Any CPU.ActiveCfg = Release|Any CPU
		{21778A41-FE21-455B-BEB5-F0AFB094EC85}.Release|Any CPU.Build.0 = Release|Any CPU
		{A1FA5043-A8DB-4B82-AA9B-1E8BBDAB5CC0}.Debug|Any CPU.ActiveCfg = Debug|Any CPU
		{A1FA5043-A8DB-4B82-AA9B-1E8BBDAB5CC0}.Debug|Any CPU.Build.0 = Debug|Any CPU
		{A1FA5043-A8DB-4B82-AA9B-1E8BBDAB5CC0}.Release|Any CPU.ActiveCfg = Release|Any CPU
		{A1FA5043-A8DB-4B82-AA9B-1E8BBDAB5CC0}.Release|Any CPU.Build.0 = Release|Any CPU
	EndGlobalSection
	GlobalSection(SolutionProperties) = preSolution
		HideSolutionNode = FALSE
	EndGlobalSection
	GlobalSection(ExtensibilityGlobals) = postSolution
		SolutionGuid = {21E38F32-468C-448C-8C7E-6B6EA40A5C64}
	EndGlobalSection
EndGlobal
